// !$*UTF8*$!
{
	archiveVersion = 1;
	classes = {
	};
	objectVersion = 46;
	objects = {

/* Begin PBXBuildFile section */
		1528E1201E6D396700042D16 /* SearchBar.m in Sources */ = {isa = PBXBuildFile; fileRef = 1528E11F1E6D396700042D16 /* SearchBar.m */; };
		1541B3D21E6D5402000C2A44 /* CityDetails.m in Sources */ = {isa = PBXBuildFile; fileRef = 1541B3D11E6D5402000C2A44 /* CityDetails.m */; };
		1541B3D61E6D71F0000C2A44 /* SessionData.m in Sources */ = {isa = PBXBuildFile; fileRef = 1541B3D51E6D71F0000C2A44 /* SessionData.m */; };
		1541B3DE1E6D8231000C2A44 /* Location.m in Sources */ = {isa = PBXBuildFile; fileRef = 1541B3DD1E6D8231000C2A44 /* Location.m */; };
		155B91871E6DBF8C005CC114 /* HomeViewController.m in Sources */ = {isa = PBXBuildFile; fileRef = 155B91861E6DBF8C005CC114 /* HomeViewController.m */; };
		155B918C1E6DED56005CC114 /* CustomizeLabel.m in Sources */ = {isa = PBXBuildFile; fileRef = 155B918B1E6DED56005CC114 /* CustomizeLabel.m */; };
		15669BD41E6EC0380016EBA4 /* LocationViewController.m in Sources */ = {isa = PBXBuildFile; fileRef = 15669BD31E6EC0380016EBA4 /* LocationViewController.m */; };
		15669BD61E6EC1B30016EBA4 /* cancelImage.jpeg in Resources */ = {isa = PBXBuildFile; fileRef = 15669BD51E6EC1B30016EBA4 /* cancelImage.jpeg */; };
		15669BDA1E6EC6DD0016EBA4 /* SearchedResultsCVCellTableViewCell.m in Sources */ = {isa = PBXBuildFile; fileRef = 15669BD81E6EC6DD0016EBA4 /* SearchedResultsCVCellTableViewCell.m */; };
		15669BDB1E6EC6DD0016EBA4 /* SearchedResultsCVCellTableViewCell.xib in Resources */ = {isa = PBXBuildFile; fileRef = 15669BD91E6EC6DD0016EBA4 /* SearchedResultsCVCellTableViewCell.xib */; };
		15669BDE1E6EE7750016EBA4 /* LocationManager.m in Sources */ = {isa = PBXBuildFile; fileRef = 15669BDD1E6EE7750016EBA4 /* LocationManager.m */; };
		159A225D1E6C01FF004DC61B /* main.m in Sources */ = {isa = PBXBuildFile; fileRef = 159A225C1E6C01FF004DC61B /* main.m */; };
		159A22601E6C01FF004DC61B /* AppDelegate.m in Sources */ = {isa = PBXBuildFile; fileRef = 159A225F1E6C01FF004DC61B /* AppDelegate.m */; };
		159A22661E6C01FF004DC61B /* Main.storyboard in Resources */ = {isa = PBXBuildFile; fileRef = 159A22641E6C01FF004DC61B /* Main.storyboard */; };
		159A22681E6C01FF004DC61B /* Assets.xcassets in Resources */ = {isa = PBXBuildFile; fileRef = 159A22671E6C01FF004DC61B /* Assets.xcassets */; };
		159A226B1E6C01FF004DC61B /* LaunchScreen.storyboard in Resources */ = {isa = PBXBuildFile; fileRef = 159A22691E6C01FF004DC61B /* LaunchScreen.storyboard */; };
		159A22761E6C01FF004DC61B /* ZomatoDempAppTests.m in Sources */ = {isa = PBXBuildFile; fileRef = 159A22751E6C01FF004DC61B /* ZomatoDempAppTests.m */; };
		159A22831E6C0429004DC61B /* CollectionViewCell.m in Sources */ = {isa = PBXBuildFile; fileRef = 159A22811E6C0429004DC61B /* CollectionViewCell.m */; };
		159A22841E6C0429004DC61B /* CollectionViewCell.xib in Resources */ = {isa = PBXBuildFile; fileRef = 159A22821E6C0429004DC61B /* CollectionViewCell.xib */; };
		159A22941E6C245B004DC61B /* Services.m in Sources */ = {isa = PBXBuildFile; fileRef = 159A22931E6C245B004DC61B /* Services.m */; };
		159A229C1E6C2A23004DC61B /* DataParser.m in Sources */ = {isa = PBXBuildFile; fileRef = 159A229B1E6C2A23004DC61B /* DataParser.m */; };
		159A22A01E6C2B5F004DC61B /* Category.m in Sources */ = {isa = PBXBuildFile; fileRef = 159A229F1E6C2B5F004DC61B /* Category.m */; };
		159A22A31E6C3C35004DC61B /* AlertDisplay.m in Sources */ = {isa = PBXBuildFile; fileRef = 159A22A21E6C3C35004DC61B /* AlertDisplay.m */; };
		15DB8A661E6E820700339BAA /* Screen Shot 2017-02-28 at 1.11.51 PM.png in Resources */ = {isa = PBXBuildFile; fileRef = 15DB8A631E6E820700339BAA /* Screen Shot 2017-02-28 at 1.11.51 PM.png */; };
		15DB8A671E6E820700339BAA /* Screen Shot 2017-02-28 at 1.12.22 PM.png in Resources */ = {isa = PBXBuildFile; fileRef = 15DB8A641E6E820700339BAA /* Screen Shot 2017-02-28 at 1.12.22 PM.png */; };
		15DB8A681E6E820700339BAA /* Screen Shot 2017-02-28 at 1.12.45 PM.png in Resources */ = {isa = PBXBuildFile; fileRef = 15DB8A651E6E820700339BAA /* Screen Shot 2017-02-28 at 1.12.45 PM.png */; };
/* End PBXBuildFile section */

/* Begin PBXContainerItemProxy section */
		159A22721E6C01FF004DC61B /* PBXContainerItemProxy */ = {
			isa = PBXContainerItemProxy;
			containerPortal = 159A22501E6C01FF004DC61B /* Project object */;
			proxyType = 1;
			remoteGlobalIDString = 159A22571E6C01FF004DC61B;
			remoteInfo = ZomatoDempApp;
		};
/* End PBXContainerItemProxy section */

/* Begin PBXFileReference section */
		1528E11E1E6D396700042D16 /* SearchBar.h */ = {isa = PBXFileReference; fileEncoding = 4; lastKnownFileType = sourcecode.c.h; path = SearchBar.h; sourceTree = "<group>"; };
		1528E11F1E6D396700042D16 /* SearchBar.m */ = {isa = PBXFileReference; fileEncoding = 4; lastKnownFileType = sourcecode.c.objc; path = SearchBar.m; sourceTree = "<group>"; };
		1541B3D01E6D5402000C2A44 /* CityDetails.h */ = {isa = PBXFileReference; fileEncoding = 4; lastKnownFileType = sourcecode.c.h; path = CityDetails.h; sourceTree = "<group>"; };
		1541B3D11E6D5402000C2A44 /* CityDetails.m */ = {isa = PBXFileReference; fileEncoding = 4; lastKnownFileType = sourcecode.c.objc; path = CityDetails.m; sourceTree = "<group>"; };
		1541B3D41E6D71F0000C2A44 /* SessionData.h */ = {isa = PBXFileReference; fileEncoding = 4; lastKnownFileType = sourcecode.c.h; path = SessionData.h; sourceTree = "<group>"; };
		1541B3D51E6D71F0000C2A44 /* SessionData.m */ = {isa = PBXFileReference; fileEncoding = 4; lastKnownFileType = sourcecode.c.objc; path = SessionData.m; sourceTree = "<group>"; };
		1541B3DC1E6D8231000C2A44 /* Location.h */ = {isa = PBXFileReference; fileEncoding = 4; lastKnownFileType = sourcecode.c.h; path = Location.h; sourceTree = "<group>"; };
		1541B3DD1E6D8231000C2A44 /* Location.m */ = {isa = PBXFileReference; fileEncoding = 4; lastKnownFileType = sourcecode.c.objc; path = Location.m; sourceTree = "<group>"; };
		155B91851E6DBF8C005CC114 /* HomeViewController.h */ = {isa = PBXFileReference; fileEncoding = 4; lastKnownFileType = sourcecode.c.h; path = HomeViewController.h; sourceTree = "<group>"; };
		155B91861E6DBF8C005CC114 /* HomeViewController.m */ = {isa = PBXFileReference; fileEncoding = 4; lastKnownFileType = sourcecode.c.objc; path = HomeViewController.m; sourceTree = "<group>"; };
		155B918A1E6DED56005CC114 /* CustomizeLabel.h */ = {isa = PBXFileReference; fileEncoding = 4; lastKnownFileType = sourcecode.c.h; path = CustomizeLabel.h; sourceTree = "<group>"; };
		155B918B1E6DED56005CC114 /* CustomizeLabel.m */ = {isa = PBXFileReference; fileEncoding = 4; lastKnownFileType = sourcecode.c.objc; path = CustomizeLabel.m; sourceTree = "<group>"; };
		15669BD21E6EC0380016EBA4 /* LocationViewController.h */ = {isa = PBXFileReference; fileEncoding = 4; lastKnownFileType = sourcecode.c.h; path = LocationViewController.h; sourceTree = "<group>"; };
		15669BD31E6EC0380016EBA4 /* LocationViewController.m */ = {isa = PBXFileReference; fileEncoding = 4; lastKnownFileType = sourcecode.c.objc; path = LocationViewController.m; sourceTree = "<group>"; };
		15669BD51E6EC1B30016EBA4 /* cancelImage.jpeg */ = {isa = PBXFileReference; lastKnownFileType = image.jpeg; name = cancelImage.jpeg; path = ../../../../Downloads/cancelImage.jpeg; sourceTree = "<group>"; };
		15669BD71E6EC6DD0016EBA4 /* SearchedResultsCVCellTableViewCell.h */ = {isa = PBXFileReference; fileEncoding = 4; lastKnownFileType = sourcecode.c.h; path = SearchedResultsCVCellTableViewCell.h; sourceTree = "<group>"; };
		15669BD81E6EC6DD0016EBA4 /* SearchedResultsCVCellTableViewCell.m */ = {isa = PBXFileReference; fileEncoding = 4; lastKnownFileType = sourcecode.c.objc; path = SearchedResultsCVCellTableViewCell.m; sourceTree = "<group>"; };
		15669BD91E6EC6DD0016EBA4 /* SearchedResultsCVCellTableViewCell.xib */ = {isa = PBXFileReference; fileEncoding = 4; lastKnownFileType = file.xib; path = SearchedResultsCVCellTableViewCell.xib; sourceTree = "<group>"; };
		15669BDC1E6EE7750016EBA4 /* LocationManager.h */ = {isa = PBXFileReference; fileEncoding = 4; lastKnownFileType = sourcecode.c.h; path = LocationManager.h; sourceTree = "<group>"; };
		15669BDD1E6EE7750016EBA4 /* LocationManager.m */ = {isa = PBXFileReference; fileEncoding = 4; lastKnownFileType = sourcecode.c.objc; path = LocationManager.m; sourceTree = "<group>"; };
		159A22581E6C01FF004DC61B /* ZomatoDempApp.app */ = {isa = PBXFileReference; explicitFileType = wrapper.application; includeInIndex = 0; path = ZomatoDempApp.app; sourceTree = BUILT_PRODUCTS_DIR; };
		159A225C1E6C01FF004DC61B /* main.m */ = {isa = PBXFileReference; lastKnownFileType = sourcecode.c.objc; path = main.m; sourceTree = "<group>"; };
		159A225E1E6C01FF004DC61B /* AppDelegate.h */ = {isa = PBXFileReference; lastKnownFileType = sourcecode.c.h; path = AppDelegate.h; sourceTree = "<group>"; };
		159A225F1E6C01FF004DC61B /* AppDelegate.m */ = {isa = PBXFileReference; lastKnownFileType = sourcecode.c.objc; path = AppDelegate.m; sourceTree = "<group>"; };
		159A22651E6C01FF004DC61B /* Base */ = {isa = PBXFileReference; lastKnownFileType = file.storyboard; name = Base; path = Base.lproj/Main.storyboard; sourceTree = "<group>"; };
		159A22671E6C01FF004DC61B /* Assets.xcassets */ = {isa = PBXFileReference; lastKnownFileType = folder.assetcatalog; path = Assets.xcassets; sourceTree = "<group>"; };
		159A226A1E6C01FF004DC61B /* Base */ = {isa = PBXFileReference; lastKnownFileType = file.storyboard; name = Base; path = Base.lproj/LaunchScreen.storyboard; sourceTree = "<group>"; };
		159A226C1E6C01FF004DC61B /* Info.plist */ = {isa = PBXFileReference; lastKnownFileType = text.plist.xml; path = Info.plist; sourceTree = "<group>"; };
		159A22711E6C01FF004DC61B /* ZomatoDempAppTests.xctest */ = {isa = PBXFileReference; explicitFileType = wrapper.cfbundle; includeInIndex = 0; path = ZomatoDempAppTests.xctest; sourceTree = BUILT_PRODUCTS_DIR; };
		159A22751E6C01FF004DC61B /* ZomatoDempAppTests.m */ = {isa = PBXFileReference; lastKnownFileType = sourcecode.c.objc; path = ZomatoDempAppTests.m; sourceTree = "<group>"; };
		159A22771E6C01FF004DC61B /* Info.plist */ = {isa = PBXFileReference; lastKnownFileType = text.plist.xml; path = Info.plist; sourceTree = "<group>"; };
		159A22801E6C0429004DC61B /* CollectionViewCell.h */ = {isa = PBXFileReference; fileEncoding = 4; lastKnownFileType = sourcecode.c.h; path = CollectionViewCell.h; sourceTree = "<group>"; };
		159A22811E6C0429004DC61B /* CollectionViewCell.m */ = {isa = PBXFileReference; fileEncoding = 4; lastKnownFileType = sourcecode.c.objc; path = CollectionViewCell.m; sourceTree = "<group>"; };
		159A22821E6C0429004DC61B /* CollectionViewCell.xib */ = {isa = PBXFileReference; fileEncoding = 4; lastKnownFileType = file.xib; path = CollectionViewCell.xib; sourceTree = "<group>"; };
		159A22921E6C245B004DC61B /* Services.h */ = {isa = PBXFileReference; fileEncoding = 4; lastKnownFileType = sourcecode.c.h; path = Services.h; sourceTree = "<group>"; };
		159A22931E6C245B004DC61B /* Services.m */ = {isa = PBXFileReference; fileEncoding = 4; lastKnownFileType = sourcecode.c.objc; path = Services.m; sourceTree = "<group>"; };
		159A22961E6C267D004DC61B /* Define.h */ = {isa = PBXFileReference; fileEncoding = 4; lastKnownFileType = sourcecode.c.h; path = Define.h; sourceTree = "<group>"; };
		159A229A1E6C2A23004DC61B /* DataParser.h */ = {isa = PBXFileReference; fileEncoding = 4; lastKnownFileType = sourcecode.c.h; path = DataParser.h; sourceTree = "<group>"; };
		159A229B1E6C2A23004DC61B /* DataParser.m */ = {isa = PBXFileReference; fileEncoding = 4; lastKnownFileType = sourcecode.c.objc; path = DataParser.m; sourceTree = "<group>"; };
		159A229E1E6C2B5F004DC61B /* Category.h */ = {isa = PBXFileReference; fileEncoding = 4; lastKnownFileType = sourcecode.c.h; path = Category.h; sourceTree = "<group>"; };
		159A229F1E6C2B5F004DC61B /* Category.m */ = {isa = PBXFileReference; fileEncoding = 4; lastKnownFileType = sourcecode.c.objc; path = Category.m; sourceTree = "<group>"; };
		159A22A11E6C3C35004DC61B /* AlertDisplay.h */ = {isa = PBXFileReference; fileEncoding = 4; lastKnownFileType = sourcecode.c.h; path = AlertDisplay.h; sourceTree = "<group>"; };
		159A22A21E6C3C35004DC61B /* AlertDisplay.m */ = {isa = PBXFileReference; fileEncoding = 4; lastKnownFileType = sourcecode.c.objc; path = AlertDisplay.m; sourceTree = "<group>"; };
		15DB8A631E6E820700339BAA /* Screen Shot 2017-02-28 at 1.11.51 PM.png */ = {isa = PBXFileReference; lastKnownFileType = image.png; name = "Screen Shot 2017-02-28 at 1.11.51 PM.png"; path = "../../../../Downloads/Screen Shot 2017-02-28 at 1.11.51 PM.png"; sourceTree = "<group>"; };
		15DB8A641E6E820700339BAA /* Screen Shot 2017-02-28 at 1.12.22 PM.png */ = {isa = PBXFileReference; lastKnownFileType = image.png; name = "Screen Shot 2017-02-28 at 1.12.22 PM.png"; path = "../../../../Downloads/Screen Shot 2017-02-28 at 1.12.22 PM.png"; sourceTree = "<group>"; };
		15DB8A651E6E820700339BAA /* Screen Shot 2017-02-28 at 1.12.45 PM.png */ = {isa = PBXFileReference; lastKnownFileType = image.png; name = "Screen Shot 2017-02-28 at 1.12.45 PM.png"; path = "../../../../Downloads/Screen Shot 2017-02-28 at 1.12.45 PM.png"; sourceTree = "<group>"; };
/* End PBXFileReference section */

/* Begin PBXFrameworksBuildPhase section */
		159A22551E6C01FF004DC61B /* Frameworks */ = {
			isa = PBXFrameworksBuildPhase;
			buildActionMask = 2147483647;
			files = (
			);
			runOnlyForDeploymentPostprocessing = 0;
		};
		159A226E1E6C01FF004DC61B /* Frameworks */ = {
			isa = PBXFrameworksBuildPhase;
			buildActionMask = 2147483647;
			files = (
			);
			runOnlyForDeploymentPostprocessing = 0;
		};
/* End PBXFrameworksBuildPhase section */

/* Begin PBXGroup section */
		1541B3D31E6D71DB000C2A44 /* Session Data */ = {
			isa = PBXGroup;
			children = (
				1541B3D41E6D71F0000C2A44 /* SessionData.h */,
				1541B3D51E6D71F0000C2A44 /* SessionData.m */,
			);
			name = "Session Data";
			sourceTree = "<group>";
		};
		159A224F1E6C01FF004DC61B = {
			isa = PBXGroup;
			children = (
				159A225A1E6C01FF004DC61B /* ZomatoDempApp */,
				159A22591E6C01FF004DC61B /* Products */,
				159A22741E6C01FF004DC61B /* ZomatoDempAppTests */,
			);
			sourceTree = "<group>";
		};
		159A22591E6C01FF004DC61B /* Products */ = {
			isa = PBXGroup;
			children = (
				159A22581E6C01FF004DC61B /* ZomatoDempApp.app */,
				159A22711E6C01FF004DC61B /* ZomatoDempAppTests.xctest */,
			);
			name = Products;
			sourceTree = "<group>";
		};
		159A225A1E6C01FF004DC61B /* ZomatoDempApp */ = {
			isa = PBXGroup;
			children = (
				159A22871E6C0E75004DC61B /* Classes */,
				159A228A1E6C0EAD004DC61B /* Resources */,
			);
			path = ZomatoDempApp;
			sourceTree = "<group>";
		};
		159A225B1E6C01FF004DC61B /* Supporting Files */ = {
			isa = PBXGroup;
			children = (
				159A225C1E6C01FF004DC61B /* main.m */,
			);
			name = "Supporting Files";
			sourceTree = "<group>";
		};
		159A22741E6C01FF004DC61B /* ZomatoDempAppTests */ = {
			isa = PBXGroup;
			children = (
				159A22751E6C01FF004DC61B /* ZomatoDempAppTests.m */,
				159A22771E6C01FF004DC61B /* Info.plist */,
			);
			path = ZomatoDempAppTests;
			sourceTree = SOURCE_ROOT;
		};
		159A22871E6C0E75004DC61B /* Classes */ = {
			isa = PBXGroup;
			children = (
				159A22901E6C2428004DC61B /* Data Mnager */,
				159A22881E6C0E86004DC61B /* App */,
				159A228E1E6C0F1B004DC61B /* Customise View */,
				159A22951E6C2664004DC61B /* Utility */,
				159A22891E6C0E97004DC61B /* View Controller */,
			);
			name = Classes;
			sourceTree = "<group>";
		};
		159A22881E6C0E86004DC61B /* App */ = {
			isa = PBXGroup;
			children = (
				159A225E1E6C01FF004DC61B /* AppDelegate.h */,
				159A225F1E6C01FF004DC61B /* AppDelegate.m */,
			);
			name = App;
			sourceTree = "<group>";
		};
		159A22891E6C0E97004DC61B /* View Controller */ = {
			isa = PBXGroup;
			children = (
				155B91851E6DBF8C005CC114 /* HomeViewController.h */,
				155B91861E6DBF8C005CC114 /* HomeViewController.m */,
				15669BD21E6EC0380016EBA4 /* LocationViewController.h */,
				15669BD31E6EC0380016EBA4 /* LocationViewController.m */,
			);
			name = "View Controller";
			sourceTree = "<group>";
		};
		159A228A1E6C0EAD004DC61B /* Resources */ = {
			isa = PBXGroup;
			children = (
				15DB8A621E6E81E700339BAA /* Images */,
				159A228F1E6C0F55004DC61B /* XIB Files */,
				159A225B1E6C01FF004DC61B /* Supporting Files */,
				159A228C1E6C0EDB004DC61B /* Others */,
				159A228B1E6C0EBD004DC61B /* Story Boards */,
			);
			name = Resources;
			sourceTree = "<group>";
		};
		159A228B1E6C0EBD004DC61B /* Story Boards */ = {
			isa = PBXGroup;
			children = (
				159A22641E6C01FF004DC61B /* Main.storyboard */,
				159A22671E6C01FF004DC61B /* Assets.xcassets */,
				159A22691E6C01FF004DC61B /* LaunchScreen.storyboard */,
			);
			name = "Story Boards";
			sourceTree = "<group>";
		};
		159A228C1E6C0EDB004DC61B /* Others */ = {
			isa = PBXGroup;
			children = (
				159A226C1E6C01FF004DC61B /* Info.plist */,
			);
			name = Others;
			sourceTree = "<group>";
		};
		159A228E1E6C0F1B004DC61B /* Customise View */ = {
			isa = PBXGroup;
			children = (
				1528E11E1E6D396700042D16 /* SearchBar.h */,
				1528E11F1E6D396700042D16 /* SearchBar.m */,
				15669BD71E6EC6DD0016EBA4 /* SearchedResultsCVCellTableViewCell.h */,
				15669BD81E6EC6DD0016EBA4 /* SearchedResultsCVCellTableViewCell.m */,
				159A22801E6C0429004DC61B /* CollectionViewCell.h */,
				159A22811E6C0429004DC61B /* CollectionViewCell.m */,
				155B918A1E6DED56005CC114 /* CustomizeLabel.h */,
				155B918B1E6DED56005CC114 /* CustomizeLabel.m */,
			);
			name = "Customise View";
			sourceTree = "<group>";
		};
		159A228F1E6C0F55004DC61B /* XIB Files */ = {
			isa = PBXGroup;
			children = (
				15669BD91E6EC6DD0016EBA4 /* SearchedResultsCVCellTableViewCell.xib */,
				159A22821E6C0429004DC61B /* CollectionViewCell.xib */,
			);
			name = "XIB Files";
			sourceTree = "<group>";
		};
		159A22901E6C2428004DC61B /* Data Mnager */ = {
			isa = PBXGroup;
			children = (
				1541B3D31E6D71DB000C2A44 /* Session Data */,
				159A229D1E6C2B48004DC61B /* Data Model */,
				159A22991E6C29F6004DC61B /* Data Parser */,
				159A22911E6C2438004DC61B /* Services */,
			);
			name = "Data Mnager";
			sourceTree = "<group>";
		};
		159A22911E6C2438004DC61B /* Services */ = {
			isa = PBXGroup;
			children = (
				159A22921E6C245B004DC61B /* Services.h */,
				159A22931E6C245B004DC61B /* Services.m */,
			);
			name = Services;
			sourceTree = "<group>";
		};
		159A22951E6C2664004DC61B /* Utility */ = {
			isa = PBXGroup;
			children = (
				159A22961E6C267D004DC61B /* Define.h */,
				159A22A11E6C3C35004DC61B /* AlertDisplay.h */,
				159A22A21E6C3C35004DC61B /* AlertDisplay.m */,
				15669BDC1E6EE7750016EBA4 /* LocationManager.h */,
				15669BDD1E6EE7750016EBA4 /* LocationManager.m */,
			);
			name = Utility;
			sourceTree = "<group>";
		};
		159A22991E6C29F6004DC61B /* Data Parser */ = {
			isa = PBXGroup;
			children = (
				159A229A1E6C2A23004DC61B /* DataParser.h */,
				159A229B1E6C2A23004DC61B /* DataParser.m */,
			);
			name = "Data Parser";
			sourceTree = "<group>";
		};
		159A229D1E6C2B48004DC61B /* Data Model */ = {
			isa = PBXGroup;
			children = (
				159A229E1E6C2B5F004DC61B /* Category.h */,
				159A229F1E6C2B5F004DC61B /* Category.m */,
				1541B3D01E6D5402000C2A44 /* CityDetails.h */,
				1541B3D11E6D5402000C2A44 /* CityDetails.m */,
				1541B3DC1E6D8231000C2A44 /* Location.h */,
				1541B3DD1E6D8231000C2A44 /* Location.m */,
			);
			name = "Data Model";
			sourceTree = "<group>";
		};
		15DB8A621E6E81E700339BAA /* Images */ = {
			isa = PBXGroup;
			children = (
				15669BD51E6EC1B30016EBA4 /* cancelImage.jpeg */,
				15DB8A631E6E820700339BAA /* Screen Shot 2017-02-28 at 1.11.51 PM.png */,
				15DB8A641E6E820700339BAA /* Screen Shot 2017-02-28 at 1.12.22 PM.png */,
				15DB8A651E6E820700339BAA /* Screen Shot 2017-02-28 at 1.12.45 PM.png */,
			);
			name = Images;
			sourceTree = "<group>";
		};
/* End PBXGroup section */

/* Begin PBXNativeTarget section */
		159A22571E6C01FF004DC61B /* ZomatoDempApp */ = {
			isa = PBXNativeTarget;
			buildConfigurationList = 159A227A1E6C01FF004DC61B /* Build configuration list for PBXNativeTarget "ZomatoDempApp" */;
			buildPhases = (
				159A22541E6C01FF004DC61B /* Sources */,
				159A22551E6C01FF004DC61B /* Frameworks */,
				159A22561E6C01FF004DC61B /* Resources */,
			);
			buildRules = (
			);
			dependencies = (
			);
			name = ZomatoDempApp;
			productName = ZomatoDempApp;
			productReference = 159A22581E6C01FF004DC61B /* ZomatoDempApp.app */;
			productType = "com.apple.product-type.application";
		};
		159A22701E6C01FF004DC61B /* ZomatoDempAppTests */ = {
			isa = PBXNativeTarget;
			buildConfigurationList = 159A227D1E6C01FF004DC61B /* Build configuration list for PBXNativeTarget "ZomatoDempAppTests" */;
			buildPhases = (
				159A226D1E6C01FF004DC61B /* Sources */,
				159A226E1E6C01FF004DC61B /* Frameworks */,
				159A226F1E6C01FF004DC61B /* Resources */,
			);
			buildRules = (
			);
			dependencies = (
				159A22731E6C01FF004DC61B /* PBXTargetDependency */,
			);
			name = ZomatoDempAppTests;
			productName = ZomatoDempAppTests;
			productReference = 159A22711E6C01FF004DC61B /* ZomatoDempAppTests.xctest */;
			productType = "com.apple.product-type.bundle.unit-test";
		};
/* End PBXNativeTarget section */

/* Begin PBXProject section */
		159A22501E6C01FF004DC61B /* Project object */ = {
			isa = PBXProject;
			attributes = {
				LastUpgradeCheck = 0820;
				ORGANIZATIONNAME = Mohini;
				TargetAttributes = {
					159A22571E6C01FF004DC61B = {
						CreatedOnToolsVersion = 8.2.1;
						ProvisioningStyle = Automatic;
					};
					159A22701E6C01FF004DC61B = {
						CreatedOnToolsVersion = 8.2.1;
						ProvisioningStyle = Automatic;
						TestTargetID = 159A22571E6C01FF004DC61B;
					};
				};
			};
			buildConfigurationList = 159A22531E6C01FF004DC61B /* Build configuration list for PBXProject "ZomatoDempApp" */;
			compatibilityVersion = "Xcode 3.2";
			developmentRegion = English;
			hasScannedForEncodings = 0;
			knownRegions = (
				en,
				Base,
			);
			mainGroup = 159A224F1E6C01FF004DC61B;
			productRefGroup = 159A22591E6C01FF004DC61B /* Products */;
			projectDirPath = "";
			projectRoot = "";
			targets = (
				159A22571E6C01FF004DC61B /* ZomatoDempApp */,
				159A22701E6C01FF004DC61B /* ZomatoDempAppTests */,
			);
		};
/* End PBXProject section */

/* Begin PBXResourcesBuildPhase section */
		159A22561E6C01FF004DC61B /* Resources */ = {
			isa = PBXResourcesBuildPhase;
			buildActionMask = 2147483647;
			files = (
				15DB8A661E6E820700339BAA /* Screen Shot 2017-02-28 at 1.11.51 PM.png in Resources */,
				159A226B1E6C01FF004DC61B /* LaunchScreen.storyboard in Resources */,
				159A22681E6C01FF004DC61B /* Assets.xcassets in Resources */,
				159A22841E6C0429004DC61B /* CollectionViewCell.xib in Resources */,
				15669BD61E6EC1B30016EBA4 /* cancelImage.jpeg in Resources */,
				159A22661E6C01FF004DC61B /* Main.storyboard in Resources */,
				15669BDB1E6EC6DD0016EBA4 /* SearchedResultsCVCellTableViewCell.xib in Resources */,
				15DB8A681E6E820700339BAA /* Screen Shot 2017-02-28 at 1.12.45 PM.png in Resources */,
				15DB8A671E6E820700339BAA /* Screen Shot 2017-02-28 at 1.12.22 PM.png in Resources */,
			);
			runOnlyForDeploymentPostprocessing = 0;
		};
		159A226F1E6C01FF004DC61B /* Resources */ = {
			isa = PBXResourcesBuildPhase;
			buildActionMask = 2147483647;
			files = (
			);
			runOnlyForDeploymentPostprocessing = 0;
		};
/* End PBXResourcesBuildPhase section */

/* Begin PBXSourcesBuildPhase section */
		159A22541E6C01FF004DC61B /* Sources */ = {
			isa = PBXSourcesBuildPhase;
			buildActionMask = 2147483647;
			files = (
				15669BDE1E6EE7750016EBA4 /* LocationManager.m in Sources */,
				159A229C1E6C2A23004DC61B /* DataParser.m in Sources */,
				159A22A31E6C3C35004DC61B /* AlertDisplay.m in Sources */,
				159A22601E6C01FF004DC61B /* AppDelegate.m in Sources */,
				159A22A01E6C2B5F004DC61B /* Category.m in Sources */,
				1541B3D21E6D5402000C2A44 /* CityDetails.m in Sources */,
				159A22941E6C245B004DC61B /* Services.m in Sources */,
				1541B3D61E6D71F0000C2A44 /* SessionData.m in Sources */,
				15669BDA1E6EC6DD0016EBA4 /* SearchedResultsCVCellTableViewCell.m in Sources */,
				159A22831E6C0429004DC61B /* CollectionViewCell.m in Sources */,
				159A225D1E6C01FF004DC61B /* main.m in Sources */,
				15669BD41E6EC0380016EBA4 /* LocationViewController.m in Sources */,
				1541B3DE1E6D8231000C2A44 /* Location.m in Sources */,
				1528E1201E6D396700042D16 /* SearchBar.m in Sources */,
				155B918C1E6DED56005CC114 /* CustomizeLabel.m in Sources */,
				155B91871E6DBF8C005CC114 /* HomeViewController.m in Sources */,
			);
			runOnlyForDeploymentPostprocessing = 0;
		};
		159A226D1E6C01FF004DC61B /* Sources */ = {
			isa = PBXSourcesBuildPhase;
			buildActionMask = 2147483647;
			files = (
				159A22761E6C01FF004DC61B /* ZomatoDempAppTests.m in Sources */,
			);
			runOnlyForDeploymentPostprocessing = 0;
		};
/* End PBXSourcesBuildPhase section */

/* Begin PBXTargetDependency section */
		159A22731E6C01FF004DC61B /* PBXTargetDependency */ = {
			isa = PBXTargetDependency;
			target = 159A22571E6C01FF004DC61B /* ZomatoDempApp */;
			targetProxy = 159A22721E6C01FF004DC61B /* PBXContainerItemProxy */;
		};
/* End PBXTargetDependency section */

/* Begin PBXVariantGroup section */
		159A22641E6C01FF004DC61B /* Main.storyboard */ = {
			isa = PBXVariantGroup;
			children = (
				159A22651E6C01FF004DC61B /* Base */,
			);
			name = Main.storyboard;
			sourceTree = "<group>";
		};
		159A22691E6C01FF004DC61B /* LaunchScreen.storyboard */ = {
			isa = PBXVariantGroup;
			children = (
				159A226A1E6C01FF004DC61B /* Base */,
			);
			name = LaunchScreen.storyboard;
			sourceTree = "<group>";
		};
/* End PBXVariantGroup section */

/* Begin XCBuildConfiguration section */
		159A22781E6C01FF004DC61B /* Debug */ = {
			isa = XCBuildConfiguration;
			buildSettings = {
				ALWAYS_SEARCH_USER_PATHS = NO;
				CLANG_ANALYZER_NONNULL = YES;
				CLANG_CXX_LANGUAGE_STANDARD = "gnu++0x";
				CLANG_CXX_LIBRARY = "libc++";
				CLANG_ENABLE_MODULES = YES;
				CLANG_ENABLE_OBJC_ARC = YES;
				CLANG_WARN_BOOL_CONVERSION = YES;
				CLANG_WARN_CONSTANT_CONVERSION = YES;
				CLANG_WARN_DIRECT_OBJC_ISA_USAGE = YES_ERROR;
				CLANG_WARN_DOCUMENTATION_COMMENTS = YES;
				CLANG_WARN_EMPTY_BODY = YES;
				CLANG_WARN_ENUM_CONVERSION = YES;
				CLANG_WARN_INFINITE_RECURSION = YES;
				CLANG_WARN_INT_CONVERSION = YES;
				CLANG_WARN_OBJC_ROOT_CLASS = YES_ERROR;
				CLANG_WARN_SUSPICIOUS_MOVE = YES;
				CLANG_WARN_UNREACHABLE_CODE = YES;
				CLANG_WARN__DUPLICATE_METHOD_MATCH = YES;
				"CODE_SIGN_IDENTITY[sdk=iphoneos*]" = "iPhone Developer";
				COPY_PHASE_STRIP = NO;
				DEBUG_INFORMATION_FORMAT = dwarf;
				ENABLE_STRICT_OBJC_MSGSEND = YES;
				ENABLE_TESTABILITY = YES;
				GCC_C_LANGUAGE_STANDARD = gnu99;
				GCC_DYNAMIC_NO_PIC = NO;
				GCC_NO_COMMON_BLOCKS = YES;
				GCC_OPTIMIZATION_LEVEL = 0;
				GCC_PREPROCESSOR_DEFINITIONS = (
					"DEBUG=1",
					"$(inherited)",
				);
				GCC_WARN_64_TO_32_BIT_CONVERSION = YES;
				GCC_WARN_ABOUT_RETURN_TYPE = YES_ERROR;
				GCC_WARN_UNDECLARED_SELECTOR = YES;
				GCC_WARN_UNINITIALIZED_AUTOS = YES_AGGRESSIVE;
				GCC_WARN_UNUSED_FUNCTION = YES;
				GCC_WARN_UNUSED_VARIABLE = YES;
				IPHONEOS_DEPLOYMENT_TARGET = 10.2;
				MTL_ENABLE_DEBUG_INFO = YES;
				ONLY_ACTIVE_ARCH = YES;
				SDKROOT = iphoneos;
			};
			name = Debug;
		};
		159A22791E6C01FF004DC61B /* Release */ = {
			isa = XCBuildConfiguration;
			buildSettings = {
				ALWAYS_SEARCH_USER_PATHS = NO;
				CLANG_ANALYZER_NONNULL = YES;
				CLANG_CXX_LANGUAGE_STANDARD = "gnu++0x";
				CLANG_CXX_LIBRARY = "libc++";
				CLANG_ENABLE_MODULES = YES;
				CLANG_ENABLE_OBJC_ARC = YES;
				CLANG_WARN_BOOL_CONVERSION = YES;
				CLANG_WARN_CONSTANT_CONVERSION = YES;
				CLANG_WARN_DIRECT_OBJC_ISA_USAGE = YES_ERROR;
				CLANG_WARN_DOCUMENTATION_COMMENTS = YES;
				CLANG_WARN_EMPTY_BODY = YES;
				CLANG_WARN_ENUM_CONVERSION = YES;
				CLANG_WARN_INFINITE_RECURSION = YES;
				CLANG_WARN_INT_CONVERSION = YES;
				CLANG_WARN_OBJC_ROOT_CLASS = YES_ERROR;
				CLANG_WARN_SUSPICIOUS_MOVE = YES;
				CLANG_WARN_UNREACHABLE_CODE = YES;
				CLANG_WARN__DUPLICATE_METHOD_MATCH = YES;
				"CODE_SIGN_IDENTITY[sdk=iphoneos*]" = "iPhone Developer";
				COPY_PHASE_STRIP = NO;
				DEBUG_INFORMATION_FORMAT = "dwarf-with-dsym";
				ENABLE_NS_ASSERTIONS = NO;
				ENABLE_STRICT_OBJC_MSGSEND = YES;
				GCC_C_LANGUAGE_STANDARD = gnu99;
				GCC_NO_COMMON_BLOCKS = YES;
				GCC_WARN_64_TO_32_BIT_CONVERSION = YES;
				GCC_WARN_ABOUT_RETURN_TYPE = YES_ERROR;
				GCC_WARN_UNDECLARED_SELECTOR = YES;
				GCC_WARN_UNINITIALIZED_AUTOS = YES_AGGRESSIVE;
				GCC_WARN_UNUSED_FUNCTION = YES;
				GCC_WARN_UNUSED_VARIABLE = YES;
				IPHONEOS_DEPLOYMENT_TARGET = 10.2;
				MTL_ENABLE_DEBUG_INFO = NO;
				SDKROOT = iphoneos;
				VALIDATE_PRODUCT = YES;
			};
			name = Release;
		};
		159A227B1E6C01FF004DC61B /* Debug */ = {
			isa = XCBuildConfiguration;
			buildSettings = {
				ASSETCATALOG_COMPILER_APPICON_NAME = AppIcon;
				INFOPLIST_FILE = ZomatoDempApp/Info.plist;
				IPHONEOS_DEPLOYMENT_TARGET = 10.1;
				LD_RUNPATH_SEARCH_PATHS = "$(inherited) @executable_path/Frameworks";
				PRODUCT_BUNDLE_IDENTIFIER = mohini.ZomatoDempApp;
				PRODUCT_NAME = "$(TARGET_NAME)";
			};
			name = Debug;
		};
		159A227C1E6C01FF004DC61B /* Release */ = {
			isa = XCBuildConfiguration;
			buildSettings = {
				ASSETCATALOG_COMPILER_APPICON_NAME = AppIcon;
				INFOPLIST_FILE = ZomatoDempApp/Info.plist;
				IPHONEOS_DEPLOYMENT_TARGET = 10.1;
				LD_RUNPATH_SEARCH_PATHS = "$(inherited) @executable_path/Frameworks";
				PRODUCT_BUNDLE_IDENTIFIER = mohini.ZomatoDempApp;
				PRODUCT_NAME = "$(TARGET_NAME)";
			};
			name = Release;
		};
		159A227E1E6C01FF004DC61B /* Debug */ = {
			isa = XCBuildConfiguration;
			buildSettings = {
				BUNDLE_LOADER = "$(TEST_HOST)";
				INFOPLIST_FILE = ZomatoDempAppTests/Info.plist;
				IPHONEOS_DEPLOYMENT_TARGET = 10.1;
				LD_RUNPATH_SEARCH_PATHS = "$(inherited) @executable_path/Frameworks @loader_path/Frameworks";
				PRODUCT_BUNDLE_IDENTIFIER = mohini.ZomatoDempAppTests;
				PRODUCT_NAME = "$(TARGET_NAME)";
				TEST_HOST = "$(BUILT_PRODUCTS_DIR)/ZomatoDempApp.app/ZomatoDempApp";
			};
			name = Debug;
		};
		159A227F1E6C01FF004DC61B /* Release */ = {
			isa = XCBuildConfiguration;
			buildSettings = {
				BUNDLE_LOADER = "$(TEST_HOST)";
				INFOPLIST_FILE = ZomatoDempAppTests/Info.plist;
				IPHONEOS_DEPLOYMENT_TARGET = 10.1;
				LD_RUNPATH_SEARCH_PATHS = "$(inherited) @executable_path/Frameworks @loader_path/Frameworks";
				PRODUCT_BUNDLE_IDENTIFIER = mohini.ZomatoDempAppTests;
				PRODUCT_NAME = "$(TARGET_NAME)";
				TEST_HOST = "$(BUILT_PRODUCTS_DIR)/ZomatoDempApp.app/ZomatoDempApp";
			};
			name = Release;
		};
/* End XCBuildConfiguration section */

/* Begin XCConfigurationList section */
		159A22531E6C01FF004DC61B /* Build configuration list for PBXProject "ZomatoDempApp" */ = {
			isa = XCConfigurationList;
			buildConfigurations = (
				159A22781E6C01FF004DC61B /* Debug */,
				159A22791E6C01FF004DC61B /* Release */,
			);
			defaultConfigurationIsVisible = 0;
			defaultConfigurationName = Release;
		};
		159A227A1E6C01FF004DC61B /* Build configuration list for PBXNativeTarget "ZomatoDempApp" */ = {
			isa = XCConfigurationList;
			buildConfigurations = (
				159A227B1E6C01FF004DC61B /* Debug */,
				159A227C1E6C01FF004DC61B /* Release */,
			);
			defaultConfigurationIsVisible = 0;
			defaultConfigurationName = Release;
		};
		159A227D1E6C01FF004DC61B /* Build configuration list for PBXNativeTarget "ZomatoDempAppTests" */ = {
			isa = XCConfigurationList;
			buildConfigurations = (
				159A227E1E6C01FF004DC61B /* Debug */,
				159A227F1E6C01FF004DC61B /* Release */,
			);
			defaultConfigurationIsVisible = 0;
			defaultConfigurationName = Release;
		};
/* End XCConfigurationList section */
	};
	rootObject = 159A22501E6C01FF004DC61B /* Project object */;
}
